# This file is autogenerated, do not edit; changes may be undone by the next 'dep ensure'.


[[projects]]
  digest = "1:7b5c6e2eeaa9ae5907c391a91c132abfd5c9e8a784a341b5625e750c67e6825d"
  name = "github.com/gorilla/websocket"
  packages = ["."]
  pruneopts = "UT"
  revision = "66b9c49e59c6c48f0ffce28c2d8b8a5678502c6d"
  version = "v1.4.0"

[[projects]]
  branch = "master"
  digest = "1:59392ed8afb901aab4287d4894df8191722e34f3957716f4350c8c133ce99046"
  name = "github.com/hpcloud/tail"
  packages = [
    ".",
    "ratelimiter",
    "util",
    "watch",
    "winfile",
  ]
  pruneopts = "UT"
  revision = "a1dbeea552b7c8df4b542c66073e393de198a800"

[[projects]]
  branch = "master"
  digest = "1:586c8d8c5717df6ef7f74bbf52c8c10104374c76e8900eeebb7cc1526a1c796d"
  name = "github.com/nlopes/slack"
  packages = [
    ".",
    "internal/errorsx",
    "internal/timex",
    "slackutilsx",
  ]
  pruneopts = "UT"
  revision = "e2954b1409b0228b16a1ac3515a036a3f2f4aac1"

[[projects]]
  digest = "1:cf31692c14422fa27c83a05292eb5cbe0fb2775972e8f1f8446a71549bd8980b"
  name = "github.com/pkg/errors"
  packages = ["."]
  pruneopts = "UT"
  revision = "ba968bfe8b2f7e042a574c888954fccecfa385b4"
  version = "v0.8.1"

[[projects]]
  digest = "1:4a0ab26712dc866a15584f83a6004f447e692f69fdbcdfc61ea2f32836bd7065"
  name = "github.com/ryanuber/columnize"
  packages = ["."]
  pruneopts = "UT"
  revision = "9e6335e58db3b4cfe3c3c5c881f51ffbc1091b34"
  version = "v2.1.1"

[[projects]]
  branch = "master"
  digest = "1:c6795766b23d66ac11871034c9f00a4e4d292284e935debc2db2bfe25b96304f"
  name = "github.com/shomali11/commander"
  packages = ["."]
  pruneopts = "UT"
  revision = "57e7c4df59d61fd04c4b51fbe195c661e1740dfb"

[[projects]]
  branch = "master"
  digest = "1:8664d72d77f415e581e40a85f936e204766464f4c2314f7db58f96d62841798d"
  name = "github.com/shomali11/proper"
  packages = ["."]
  pruneopts = "UT"
  revision = "233a9a872c306ae145fed0a7d71afc128ad78394"

[[projects]]
  branch = "master"
  digest = "1:789c7530d658f998c5224e33a5be90ebcdbed9ca08f3e53ac13c5a4b1b88d4be"
  name = "github.com/shomali11/slacker"
  packages = ["."]
  pruneopts = "UT"
  revision = "8c6fbe523fc5643cd441a4e373e947acf8349481"

[[projects]]
  branch = "master"
  digest = "1:3851a6d548ec5a808e396408f03a30b8d05ef4426db7ad8688f639b2d88b47bd"
  name = "golang.org/x/sys"
  packages = ["unix"]
  pruneopts = "UT"
  revision = "61b9204099cb1bebc803c9ffb9b2d3acd9d457d9"

[[projects]]
  digest = "1:abeb38ade3f32a92943e5be54f55ed6d6e3b6602761d74b4aab4c9dd45c18abd"
  name = "gopkg.in/fsnotify/fsnotify.v1"
  packages = ["."]
  pruneopts = "UT"
  revision = "c2828203cd70a50dcccfb2761f8b1f8ceef9a8e9"
  version = "v1.4.7"

[[projects]]
  digest = "1:3c839a777de0e6da035c9de900b60cbec463b0a89351192c1ea083eaf9e0fce0"
  name = "gopkg.in/tomb.v1"
  packages = ["."]
  pruneopts = "UT"
  revision = "c131134a1947e9afd9cecfe11f4c6dff0732ae58"

[solve-meta]
  analyzer-name = "dep"
  analyzer-version = 1
  input-imports = [
    "github.com/hpcloud/tail",
    "github.com/ryanuber/columnize",
    "github.com/shomali11/slacker",
  ]
  solver-name = "gps-cdcl"
  solver-version = 1
